
Microsoft Visual Studio Solution File, Format Version 12.00
# Visual Studio Version 16
VisualStudioVersion = 16.0.30907.101
MinimumVisualStudioVersion = 10.0.40219.1
Project("{9A19103F-16F7-4668-BE54-9A1E7A4F7556}") = "CozaStore.WebApp", "CozaStore\CozaStore.WebApp.csproj", "{63791B10-EA9C-4CA9-AEAA-3819E01C6E9F}"
EndProject
Project("{9A19103F-16F7-4668-BE54-9A1E7A4F7556}") = "CozaStore.Model", "CozaStore.Model\CozaStore.Model.csproj", "{C67D9470-A9AD-4F16-87E1-FF00216B9472}"
EndProject
Project("{9A19103F-16F7-4668-BE54-9A1E7A4F7556}") = "CozaStore.Services", "CozaStore.Services\CozaStore.Services.csproj", "{996771D6-D68E-4AEF-A531-E8186610A02B}"
EndProject
Project("{9A19103F-16F7-4668-BE54-9A1E7A4F7556}") = "CozaStore.Data", "CozaStore.Data\CozaStore.Data.csproj", "{9E16E60E-1EDC-4D20-8EE8-6CC0D731AE71}"
EndProject
Project("{2150E333-8FDC-42A3-9474-1A3956D46DE8}") = "Solution Items", "Solution Items", "{BD445CC3-33D4-4CB8-A600-53CF082CBD50}"
	ProjectSection(SolutionItems) = preProject
		.editorconfig = .editorconfig
	EndProjectSection
EndProject
Project("{FAE04EC0-301F-11D3-BF4B-00C04F79EFBC}") = "CozaStore.API", "CozaStore.API\CozaStore.API.csproj", "{43DDA0AA-CBAB-4E48-94DB-6BA1524112AA}"
EndProject
Global
	GlobalSection(SolutionConfigurationPlatforms) = preSolution
		Debug|Any CPU = Debug|Any CPU
		Release|Any CPU = Release|Any CPU
	EndGlobalSection
	GlobalSection(ProjectConfigurationPlatforms) = postSolution
		{63791B10-EA9C-4CA9-AEAA-3819E01C6E9F}.Debug|Any CPU.ActiveCfg = Debug|Any CPU
		{63791B10-EA9C-4CA9-AEAA-3819E01C6E9F}.Debug|Any CPU.Build.0 = Debug|Any CPU
		{63791B10-EA9C-4CA9-AEAA-3819E01C6E9F}.Release|Any CPU.ActiveCfg = Release|Any CPU
		{63791B10-EA9C-4CA9-AEAA-3819E01C6E9F}.Release|Any CPU.Build.0 = Release|Any CPU
		{C67D9470-A9AD-4F16-87E1-FF00216B9472}.Debug|Any CPU.ActiveCfg = Debug|Any CPU
		{C67D9470-A9AD-4F16-87E1-FF00216B9472}.Debug|Any CPU.Build.0 = Debug|Any CPU
		{C67D9470-A9AD-4F16-87E1-FF00216B9472}.Release|Any CPU.ActiveCfg = Release|Any CPU
		{C67D9470-A9AD-4F16-87E1-FF00216B9472}.Release|Any CPU.Build.0 = Release|Any CPU
		{996771D6-D68E-4AEF-A531-E8186610A02B}.Debug|Any CPU.ActiveCfg = Debug|Any CPU
		{996771D6-D68E-4AEF-A531-E8186610A02B}.Debug|Any CPU.Build.0 = Debug|Any CPU
		{996771D6-D68E-4AEF-A531-E8186610A02B}.Release|Any CPU.ActiveCfg = Release|Any CPU
		{996771D6-D68E-4AEF-A531-E8186610A02B}.Release|Any CPU.Build.0 = Release|Any CPU
		{9E16E60E-1EDC-4D20-8EE8-6CC0D731AE71}.Debug|Any CPU.ActiveCfg = Debug|Any CPU
		{9E16E60E-1EDC-4D20-8EE8-6CC0D731AE71}.Debug|Any CPU.Build.0 = Debug|Any CPU
		{9E16E60E-1EDC-4D20-8EE8-6CC0D731AE71}.Release|Any CPU.ActiveCfg = Release|Any CPU
		{9E16E60E-1EDC-4D20-8EE8-6CC0D731AE71}.Release|Any CPU.Build.0 = Release|Any CPU
		{43DDA0AA-CBAB-4E48-94DB-6BA1524112AA}.Debug|Any CPU.ActiveCfg = Debug|Any CPU
		{43DDA0AA-CBAB-4E48-94DB-6BA1524112AA}.Debug|Any CPU.Build.0 = Debug|Any CPU
		{43DDA0AA-CBAB-4E48-94DB-6BA1524112AA}.Release|Any CPU.ActiveCfg = Release|Any CPU
		{43DDA0AA-CBAB-4E48-94DB-6BA1524112AA}.Release|Any CPU.Build.0 = Release|Any CPU
	EndGlobalSection
	GlobalSection(SolutionProperties) = preSolution
		HideSolutionNode = FALSE
	EndGlobalSection
	GlobalSection(ExtensibilityGlobals) = postSolution
		SolutionGuid = {C337947F-CD30-4CE0-BDB8-1B9F2E598BEA}
	EndGlobalSection
EndGlobal
